
Microsoft Visual Studio Solution File, Format Version 12.00
# Visual Studio 2013
VisualStudioVersion = 12.0.30501.0
MinimumVisualStudioVersion = 10.0.40219.1
Project("{FAE04EC0-301F-11D3-BF4B-00C04F79EFBC}") = "ExtendedColors", "ExtendedColors\ExtendedColors\ExtendedColors.csproj", "{77F20944-4C00-4651-8698-0D6D9397CB6E}"
EndProject
Project("{FAE04EC0-301F-11D3-BF4B-00C04F79EFBC}") = "ExtendedColors.iOS", "ExtendedColors\ExtendedColors.iOS\ExtendedColors.iOS.csproj", "{F284A059-D60F-46AF-A7BE-2A8C08FC8AE8}"
EndProject
Project("{FAE04EC0-301F-11D3-BF4B-00C04F79EFBC}") = "ExtendedColors.Android", "ExtendedColors\ExtendedColors.Android\ExtendedColors.Android.csproj", "{612975BA-8FF1-47A9-83E5-121C1545671B}"
EndProject
Project("{FAE04EC0-301F-11D3-BF4B-00C04F79EFBC}") = "ExtendedColors.WinPhone", "ExtendedColors\ExtendedColors.WinPhone\ExtendedColors.WinPhone.csproj", "{213B4745-CABB-4F8B-9682-0FC9DDA2F76F}"
EndProject
Project("{FAE04EC0-301F-11D3-BF4B-00C04F79EFBC}") = "ColorExtensions", "ColorExtensions\ColorExtensions.csproj", "{51292C54-1D30-40CD-B5D6-DF8CEDA55AD2}"
EndProject
Global
	GlobalSection(SolutionConfigurationPlatforms) = preSolution
		Ad-Hoc|Any CPU = Ad-Hoc|Any CPU
		Ad-Hoc|ARM = Ad-Hoc|ARM
		Ad-Hoc|iPhone = Ad-Hoc|iPhone
		Ad-Hoc|iPhoneSimulator = Ad-Hoc|iPhoneSimulator
		Ad-Hoc|Mixed Platforms = Ad-Hoc|Mixed Platforms
		Ad-Hoc|x86 = Ad-Hoc|x86
		AppStore|Any CPU = AppStore|Any CPU
		AppStore|ARM = AppStore|ARM
		AppStore|iPhone = AppStore|iPhone
		AppStore|iPhoneSimulator = AppStore|iPhoneSimulator
		AppStore|Mixed Platforms = AppStore|Mixed Platforms
		AppStore|x86 = AppStore|x86
		Debug|Any CPU = Debug|Any CPU
		Debug|ARM = Debug|ARM
		Debug|iPhone = Debug|iPhone
		Debug|iPhoneSimulator = Debug|iPhoneSimulator
		Debug|Mixed Platforms = Debug|Mixed Platforms
		Debug|x86 = Debug|x86
		Release|Any CPU = Release|Any CPU
		Release|ARM = Release|ARM
		Release|iPhone = Release|iPhone
		Release|iPhoneSimulator = Release|iPhoneSimulator
		Release|Mixed Platforms = Release|Mixed Platforms
		Release|x86 = Release|x86
	EndGlobalSection
	GlobalSection(ProjectConfigurationPlatforms) = postSolution
		{77F20944-4C00-4651-8698-0D6D9397CB6E}.Ad-Hoc|Any CPU.ActiveCfg = Release|Any CPU
		{77F20944-4C00-4651-8698-0D6D9397CB6E}.Ad-Hoc|Any CPU.Build.0 = Release|Any CPU
		{77F20944-4C00-4651-8698-0D6D9397CB6E}.Ad-Hoc|ARM.ActiveCfg = Release|Any CPU
		{77F20944-4C00-4651-8698-0D6D9397CB6E}.Ad-Hoc|iPhone.ActiveCfg = Release|Any CPU
		{77F20944-4C00-4651-8698-0D6D9397CB6E}.Ad-Hoc|iPhoneSimulator.ActiveCfg = Release|Any CPU
		{77F20944-4C00-4651-8698-0D6D9397CB6E}.Ad-Hoc|Mixed Platforms.ActiveCfg = Release|Any CPU
		{77F20944-4C00-4651-8698-0D6D9397CB6E}.Ad-Hoc|Mixed Platforms.Build.0 = Release|Any CPU
		{77F20944-4C00-4651-8698-0D6D9397CB6E}.Ad-Hoc|x86.ActiveCfg = Release|Any CPU
		{77F20944-4C00-4651-8698-0D6D9397CB6E}.AppStore|Any CPU.ActiveCfg = Release|Any CPU
		{77F20944-4C00-4651-8698-0D6D9397CB6E}.AppStore|Any CPU.Build.0 = Release|Any CPU
		{77F20944-4C00-4651-8698-0D6D9397CB6E}.AppStore|ARM.ActiveCfg = Release|Any CPU
		{77F20944-4C00-4651-8698-0D6D9397CB6E}.AppStore|iPhone.ActiveCfg = Release|Any CPU
		{77F20944-4C00-4651-8698-0D6D9397CB6E}.AppStore|iPhoneSimulator.ActiveCfg = Release|Any CPU
		{77F20944-4C00-4651-8698-0D6D9397CB6E}.AppStore|Mixed Platforms.ActiveCfg = Release|Any CPU
		{77F20944-4C00-4651-8698-0D6D9397CB6E}.AppStore|Mixed Platforms.Build.0 = Release|Any CPU
		{77F20944-4C00-4651-8698-0D6D9397CB6E}.AppStore|x86.ActiveCfg = Release|Any CPU
		{77F20944-4C00-4651-8698-0D6D9397CB6E}.Debug|Any CPU.ActiveCfg = Debug|Any CPU
		{77F20944-4C00-4651-8698-0D6D9397CB6E}.Debug|Any CPU.Build.0 = Debug|Any CPU
		{77F20944-4C00-4651-8698-0D6D9397CB6E}.Debug|ARM.ActiveCfg = Debug|Any CPU
		{77F20944-4C00-4651-8698-0D6D9397CB6E}.Debug|iPhone.ActiveCfg = Debug|Any CPU
		{77F20944-4C00-4651-8698-0D6D9397CB6E}.Debug|iPhoneSimulator.ActiveCfg = Debug|Any CPU
		{77F20944-4C00-4651-8698-0D6D9397CB6E}.Debug|Mixed Platforms.ActiveCfg = Debug|Any CPU
		{77F20944-4C00-4651-8698-0D6D9397CB6E}.Debug|Mixed Platforms.Build.0 = Debug|Any CPU
		{77F20944-4C00-4651-8698-0D6D9397CB6E}.Debug|x86.ActiveCfg = Debug|Any CPU
		{77F20944-4C00-4651-8698-0D6D9397CB6E}.Release|Any CPU.ActiveCfg = Release|Any CPU
		{77F20944-4C00-4651-8698-0D6D9397CB6E}.Release|Any CPU.Build.0 = Release|Any CPU
		{77F20944-4C00-4651-8698-0D6D9397CB6E}.Release|ARM.ActiveCfg = Release|Any CPU
		{77F20944-4C00-4651-8698-0D6D9397CB6E}.Release|iPhone.ActiveCfg = Release|Any CPU
		{77F20944-4C00-4651-8698-0D6D9397CB6E}.Release|iPhoneSimulator.ActiveCfg = Release|Any CPU
		{77F20944-4C00-4651-8698-0D6D9397CB6E}.Release|Mixed Platforms.ActiveCfg = Release|Any CPU
		{77F20944-4C00-4651-8698-0D6D9397CB6E}.Release|Mixed Platforms.Build.0 = Release|Any CPU
		{77F20944-4C00-4651-8698-0D6D9397CB6E}.Release|x86.ActiveCfg = Release|Any CPU
		{F284A059-D60F-46AF-A7BE-2A8C08FC8AE8}.Ad-Hoc|Any CPU.ActiveCfg = Ad-Hoc|iPhone
		{F284A059-D60F-46AF-A7BE-2A8C08FC8AE8}.Ad-Hoc|ARM.ActiveCfg = Ad-Hoc|iPhone
		{F284A059-D60F-46AF-A7BE-2A8C08FC8AE8}.Ad-Hoc|iPhone.ActiveCfg = Ad-Hoc|iPhone
		{F284A059-D60F-46AF-A7BE-2A8C08FC8AE8}.Ad-Hoc|iPhone.Build.0 = Ad-Hoc|iPhone
		{F284A059-D60F-46AF-A7BE-2A8C08FC8AE8}.Ad-Hoc|iPhoneSimulator.ActiveCfg = Ad-Hoc|iPhoneSimulator
		{F284A059-D60F-46AF-A7BE-2A8C08FC8AE8}.Ad-Hoc|iPhoneSimulator.Build.0 = Ad-Hoc|iPhoneSimulator
		{F284A059-D60F-46AF-A7BE-2A8C08FC8AE8}.Ad-Hoc|Mixed Platforms.ActiveCfg = Ad-Hoc|iPhone
		{F284A059-D60F-46AF-A7BE-2A8C08FC8AE8}.Ad-Hoc|Mixed Platforms.Build.0 = Ad-Hoc|iPhone
		{F284A059-D60F-46AF-A7BE-2A8C08FC8AE8}.Ad-Hoc|x86.ActiveCfg = Ad-Hoc|iPhone
		{F284A059-D60F-46AF-A7BE-2A8C08FC8AE8}.AppStore|Any CPU.ActiveCfg = AppStore|iPhone
		{F284A059-D60F-46AF-A7BE-2A8C08FC8AE8}.AppStore|ARM.ActiveCfg = AppStore|iPhone
		{F284A059-D60F-46AF-A7BE-2A8C08FC8AE8}.AppStore|iPhone.ActiveCfg = AppStore|iPhone
		{F284A059-D60F-46AF-A7BE-2A8C08FC8AE8}.AppStore|iPhone.Build.0 = AppStore|iPhone
		{F284A059-D60F-46AF-A7BE-2A8C08FC8AE8}.AppStore|iPhoneSimulator.ActiveCfg = AppStore|iPhoneSimulator
		{F284A059-D60F-46AF-A7BE-2A8C08FC8AE8}.AppStore|iPhoneSimulator.Build.0 = AppStore|iPhoneSimulator
		{F284A059-D60F-46AF-A7BE-2A8C08FC8AE8}.AppStore|Mixed Platforms.ActiveCfg = AppStore|iPhone
		{F284A059-D60F-46AF-A7BE-2A8C08FC8AE8}.AppStore|Mixed Platforms.Build.0 = AppStore|iPhone
		{F284A059-D60F-46AF-A7BE-2A8C08FC8AE8}.AppStore|x86.ActiveCfg = AppStore|iPhone
		{F284A059-D60F-46AF-A7BE-2A8C08FC8AE8}.Debug|Any CPU.ActiveCfg = Debug|iPhone
		{F284A059-D60F-46AF-A7BE-2A8C08FC8AE8}.Debug|ARM.ActiveCfg = Debug|iPhone
		{F284A059-D60F-46AF-A7BE-2A8C08FC8AE8}.Debug|iPhone.ActiveCfg = Debug|iPhone
		{F284A059-D60F-46AF-A7BE-2A8C08FC8AE8}.Debug|iPhone.Build.0 = Debug|iPhone
		{F284A059-D60F-46AF-A7BE-2A8C08FC8AE8}.Debug|iPhoneSimulator.ActiveCfg = Debug|iPhoneSimulator
		{F284A059-D60F-46AF-A7BE-2A8C08FC8AE8}.Debug|iPhoneSimulator.Build.0 = Debug|iPhoneSimulator
		{F284A059-D60F-46AF-A7BE-2A8C08FC8AE8}.Debug|Mixed Platforms.ActiveCfg = Debug|iPhoneSimulator
		{F284A059-D60F-46AF-A7BE-2A8C08FC8AE8}.Debug|Mixed Platforms.Build.0 = Debug|iPhoneSimulator
		{F284A059-D60F-46AF-A7BE-2A8C08FC8AE8}.Debug|x86.ActiveCfg = Debug|iPhone
		{F284A059-D60F-46AF-A7BE-2A8C08FC8AE8}.Release|Any CPU.ActiveCfg = Release|iPhone
		{F284A059-D60F-46AF-A7BE-2A8C08FC8AE8}.Release|ARM.ActiveCfg = Release|iPhone
		{F284A059-D60F-46AF-A7BE-2A8C08FC8AE8}.Release|iPhone.ActiveCfg = Release|iPhone
		{F284A059-D60F-46AF-A7BE-2A8C08FC8AE8}.Release|iPhone.Build.0 = Release|iPhone
		{F284A059-D60F-46AF-A7BE-2A8C08FC8AE8}.Release|iPhoneSimulator.ActiveCfg = Release|iPhoneSimulator
		{F284A059-D60F-46AF-A7BE-2A8C08FC8AE8}.Release|iPhoneSimulator.Build.0 = Release|iPhoneSimulator
		{F284A059-D60F-46AF-A7BE-2A8C08FC8AE8}.Release|Mixed Platforms.ActiveCfg = Release|iPhone
		{F284A059-D60F-46AF-A7BE-2A8C08FC8AE8}.Release|Mixed Platforms.Build.0 = Release|iPhone
		{F284A059-D60F-46AF-A7BE-2A8C08FC8AE8}.Release|x86.ActiveCfg = Release|iPhone
		{612975BA-8FF1-47A9-83E5-121C1545671B}.Ad-Hoc|Any CPU.ActiveCfg = Release|Any CPU
		{612975BA-8FF1-47A9-83E5-121C1545671B}.Ad-Hoc|Any CPU.Build.0 = Release|Any CPU
		{612975BA-8FF1-47A9-83E5-121C1545671B}.Ad-Hoc|Any CPU.Deploy.0 = Release|Any CPU
		{612975BA-8FF1-47A9-83E5-121C1545671B}.Ad-Hoc|ARM.ActiveCfg = Release|Any CPU
		{612975BA-8FF1-47A9-83E5-121C1545671B}.Ad-Hoc|iPhone.ActiveCfg = Release|Any CPU
		{612975BA-8FF1-47A9-83E5-121C1545671B}.Ad-Hoc|iPhoneSimulator.ActiveCfg = Release|Any CPU
		{612975BA-8FF1-47A9-83E5-121C1545671B}.Ad-Hoc|Mixed Platforms.ActiveCfg = Release|Any CPU
		{612975BA-8FF1-47A9-83E5-121C1545671B}.Ad-Hoc|Mixed Platforms.Build.0 = Release|Any CPU
		{612975BA-8FF1-47A9-83E5-121C1545671B}.Ad-Hoc|Mixed Platforms.Deploy.0 = Release|Any CPU
		{612975BA-8FF1-47A9-83E5-121C1545671B}.Ad-Hoc|x86.ActiveCfg = Release|Any CPU
		{612975BA-8FF1-47A9-83E5-121C1545671B}.AppStore|Any CPU.ActiveCfg = Release|Any CPU
		{612975BA-8FF1-47A9-83E5-121C1545671B}.AppStore|Any CPU.Build.0 = Release|Any CPU
		{612975BA-8FF1-47A9-83E5-121C1545671B}.AppStore|Any CPU.Deploy.0 = Release|Any CPU
		{612975BA-8FF1-47A9-83E5-121C1545671B}.AppStore|ARM.ActiveCfg = Release|Any CPU
		{612975BA-8FF1-47A9-83E5-121C1545671B}.AppStore|iPhone.ActiveCfg = Release|Any CPU
		{612975BA-8FF1-47A9-83E5-121C1545671B}.AppStore|iPhoneSimulator.ActiveCfg = Release|Any CPU
		{612975BA-8FF1-47A9-83E5-121C1545671B}.AppStore|Mixed Platforms.ActiveCfg = Release|Any CPU
		{612975BA-8FF1-47A9-83E5-121C1545671B}.AppStore|Mixed Platforms.Build.0 = Release|Any CPU
		{612975BA-8FF1-47A9-83E5-121C1545671B}.AppStore|Mixed Platforms.Deploy.0 = Release|Any CPU
		{612975BA-8FF1-47A9-83E5-121C1545671B}.AppStore|x86.ActiveCfg = Release|Any CPU
		{612975BA-8FF1-47A9-83E5-121C1545671B}.Debug|Any CPU.ActiveCfg = Debug|Any CPU
		{612975BA-8FF1-47A9-83E5-121C1545671B}.Debug|Any CPU.Build.0 = Debug|Any CPU
		{612975BA-8FF1-47A9-83E5-121C1545671B}.Debug|Any CPU.Deploy.0 = Debug|Any CPU
		{612975BA-8FF1-47A9-83E5-121C1545671B}.Debug|ARM.ActiveCfg = Debug|Any CPU
		{612975BA-8FF1-47A9-83E5-121C1545671B}.Debug|iPhone.ActiveCfg = Debug|Any CPU
		{612975BA-8FF1-47A9-83E5-121C1545671B}.Debug|iPhoneSimulator.ActiveCfg = Debug|Any CPU
		{612975BA-8FF1-47A9-83E5-121C1545671B}.Debug|Mixed Platforms.ActiveCfg = Debug|Any CPU
		{612975BA-8FF1-47A9-83E5-121C1545671B}.Debug|Mixed Platforms.Build.0 = Debug|Any CPU
		{612975BA-8FF1-47A9-83E5-121C1545671B}.Debug|Mixed Platforms.Deploy.0 = Debug|Any CPU
		{612975BA-8FF1-47A9-83E5-121C1545671B}.Debug|x86.ActiveCfg = Debug|Any CPU
		{612975BA-8FF1-47A9-83E5-121C1545671B}.Release|Any CPU.ActiveCfg = Release|Any CPU
		{612975BA-8FF1-47A9-83E5-121C1545671B}.Release|Any CPU.Build.0 = Release|Any CPU
		{612975BA-8FF1-47A9-83E5-121C1545671B}.Release|Any CPU.Deploy.0 = Release|Any CPU
		{612975BA-8FF1-47A9-83E5-121C1545671B}.Release|ARM.ActiveCfg = Release|Any CPU
		{612975BA-8FF1-47A9-83E5-121C1545671B}.Release|iPhone.ActiveCfg = Release|Any CPU
		{612975BA-8FF1-47A9-83E5-121C1545671B}.Release|iPhoneSimulator.ActiveCfg = Release|Any CPU
		{612975BA-8FF1-47A9-83E5-121C1545671B}.Release|Mixed Platforms.ActiveCfg = Release|Any CPU
		{612975BA-8FF1-47A9-83E5-121C1545671B}.Release|Mixed Platforms.Build.0 = Release|Any CPU
		{612975BA-8FF1-47A9-83E5-121C1545671B}.Release|Mixed Platforms.Deploy.0 = Release|Any CPU
		{612975BA-8FF1-47A9-83E5-121C1545671B}.Release|x86.ActiveCfg = Release|Any CPU
		{213B4745-CABB-4F8B-9682-0FC9DDA2F76F}.Ad-Hoc|Any CPU.ActiveCfg = Release|Any CPU
		{213B4745-CABB-4F8B-9682-0FC9DDA2F76F}.Ad-Hoc|Any CPU.Build.0 = Release|Any CPU
		{213B4745-CABB-4F8B-9682-0FC9DDA2F76F}.Ad-Hoc|Any CPU.Deploy.0 = Release|Any CPU
		{213B4745-CABB-4F8B-9682-0FC9DDA2F76F}.Ad-Hoc|ARM.ActiveCfg = Release|ARM
		{213B4745-CABB-4F8B-9682-0FC9DDA2F76F}.Ad-Hoc|ARM.Build.0 = Release|ARM
		{213B4745-CABB-4F8B-9682-0FC9DDA2F76F}.Ad-Hoc|ARM.Deploy.0 = Release|ARM
		{213B4745-CABB-4F8B-9682-0FC9DDA2F76F}.Ad-Hoc|iPhone.ActiveCfg = Release|Any CPU
		{213B4745-CABB-4F8B-9682-0FC9DDA2F76F}.Ad-Hoc|iPhoneSimulator.ActiveCfg = Release|Any CPU
		{213B4745-CABB-4F8B-9682-0FC9DDA2F76F}.Ad-Hoc|Mixed Platforms.ActiveCfg = Release|x86
		{213B4745-CABB-4F8B-9682-0FC9DDA2F76F}.Ad-Hoc|Mixed Platforms.Build.0 = Release|x86
		{213B4745-CABB-4F8B-9682-0FC9DDA2F76F}.Ad-Hoc|Mixed Platforms.Deploy.0 = Release|x86
		{213B4745-CABB-4F8B-9682-0FC9DDA2F76F}.Ad-Hoc|x86.ActiveCfg = Release|x86
		{213B4745-CABB-4F8B-9682-0FC9DDA2F76F}.Ad-Hoc|x86.Build.0 = Release|x86
		{213B4745-CABB-4F8B-9682-0FC9DDA2F76F}.Ad-Hoc|x86.Deploy.0 = Release|x86
		{213B4745-CABB-4F8B-9682-0FC9DDA2F76F}.AppStore|Any CPU.ActiveCfg = Release|Any CPU
		{213B4745-CABB-4F8B-9682-0FC9DDA2F76F}.AppStore|Any CPU.Build.0 = Release|Any CPU
		{213B4745-CABB-4F8B-9682-0FC9DDA2F76F}.AppStore|Any CPU.Deploy.0 = Release|Any CPU
		{213B4745-CABB-4F8B-9682-0FC9DDA2F76F}.AppStore|ARM.ActiveCfg = Release|ARM
		{213B4745-CABB-4F8B-9682-0FC9DDA2F76F}.AppStore|ARM.Build.0 = Release|ARM
		{213B4745-CABB-4F8B-9682-0FC9DDA2F76F}.AppStore|ARM.Deploy.0 = Release|ARM
		{213B4745-CABB-4F8B-9682-0FC9DDA2F76F}.AppStore|iPhone.ActiveCfg = Release|Any CPU
		{213B4745-CABB-4F8B-9682-0FC9DDA2F76F}.AppStore|iPhoneSimulator.ActiveCfg = Release|Any CPU
		{213B4745-CABB-4F8B-9682-0FC9DDA2F76F}.AppStore|Mixed Platforms.ActiveCfg = Release|x86
		{213B4745-CABB-4F8B-9682-0FC9DDA2F76F}.AppStore|Mixed Platforms.Build.0 = Release|x86
		{213B4745-CABB-4F8B-9682-0FC9DDA2F76F}.AppStore|Mixed Platforms.Deploy.0 = Release|x86
		{213B4745-CABB-4F8B-9682-0FC9DDA2F76F}.AppStore|x86.ActiveCfg = Release|x86
		{213B4745-CABB-4F8B-9682-0FC9DDA2F76F}.AppStore|x86.Build.0 = Release|x86
		{213B4745-CABB-4F8B-9682-0FC9DDA2F76F}.AppStore|x86.Deploy.0 = Release|x86
		{213B4745-CABB-4F8B-9682-0FC9DDA2F76F}.Debug|Any CPU.ActiveCfg = Debug|Any CPU
		{213B4745-CABB-4F8B-9682-0FC9DDA2F76F}.Debug|Any CPU.Build.0 = Debug|Any CPU
		{213B4745-CABB-4F8B-9682-0FC9DDA2F76F}.Debug|Any CPU.Deploy.0 = Debug|Any CPU
		{213B4745-CABB-4F8B-9682-0FC9DDA2F76F}.Debug|ARM.ActiveCfg = Debug|ARM
		{213B4745-CABB-4F8B-9682-0FC9DDA2F76F}.Debug|ARM.Build.0 = Debug|ARM
		{213B4745-CABB-4F8B-9682-0FC9DDA2F76F}.Debug|ARM.Deploy.0 = Debug|ARM
		{213B4745-CABB-4F8B-9682-0FC9DDA2F76F}.Debug|iPhone.ActiveCfg = Debug|Any CPU
		{213B4745-CABB-4F8B-9682-0FC9DDA2F76F}.Debug|iPhoneSimulator.ActiveCfg = Debug|Any CPU
		{213B4745-CABB-4F8B-9682-0FC9DDA2F76F}.Debug|Mixed Platforms.ActiveCfg = Debug|x86
		{213B4745-CABB-4F8B-9682-0FC9DDA2F76F}.Debug|Mixed Platforms.Build.0 = Debug|x86
		{213B4745-CABB-4F8B-9682-0FC9DDA2F76F}.Debug|Mixed Platforms.Deploy.0 = Debug|x86
		{213B4745-CABB-4F8B-9682-0FC9DDA2F76F}.Debug|x86.ActiveCfg = Debug|x86
		{213B4745-CABB-4F8B-9682-0FC9DDA2F76F}.Debug|x86.Build.0 = Debug|x86
		{213B4745-CABB-4F8B-9682-0FC9DDA2F76F}.Debug|x86.Deploy.0 = Debug|x86
		{213B4745-CABB-4F8B-9682-0FC9DDA2F76F}.Release|Any CPU.ActiveCfg = Release|Any CPU
		{213B4745-CABB-4F8B-9682-0FC9DDA2F76F}.Release|Any CPU.Build.0 = Release|Any CPU
		{213B4745-CABB-4F8B-9682-0FC9DDA2F76F}.Release|Any CPU.Deploy.0 = Release|Any CPU
		{213B4745-CABB-4F8B-9682-0FC9DDA2F76F}.Release|ARM.ActiveCfg = Release|ARM
		{213B4745-CABB-4F8B-9682-0FC9DDA2F76F}.Release|ARM.Build.0 = Release|ARM
		{213B4745-CABB-4F8B-9682-0FC9DDA2F76F}.Release|ARM.Deploy.0 = Release|ARM
		{213B4745-CABB-4F8B-9682-0FC9DDA2F76F}.Release|iPhone.ActiveCfg = Release|Any CPU
		{213B4745-CABB-4F8B-9682-0FC9DDA2F76F}.Release|iPhoneSimulator.ActiveCfg = Release|Any CPU
		{213B4745-CABB-4F8B-9682-0FC9DDA2F76F}.Release|Mixed Platforms.ActiveCfg = Release|x86
		{213B4745-CABB-4F8B-9682-0FC9DDA2F76F}.Release|Mixed Platforms.Build.0 = Release|x86
		{213B4745-CABB-4F8B-9682-0FC9DDA2F76F}.Release|Mixed Platforms.Deploy.0 = Release|x86
		{213B4745-CABB-4F8B-9682-0FC9DDA2F76F}.Release|x86.ActiveCfg = Release|x86
		{213B4745-CABB-4F8B-9682-0FC9DDA2F76F}.Release|x86.Build.0 = Release|x86
		{213B4745-CABB-4F8B-9682-0FC9DDA2F76F}.Release|x86.Deploy.0 = Release|x86
		{51292C54-1D30-40CD-B5D6-DF8CEDA55AD2}.Ad-Hoc|Any CPU.ActiveCfg = Release|Any CPU
		{51292C54-1D30-40CD-B5D6-DF8CEDA55AD2}.Ad-Hoc|Any CPU.Build.0 = Release|Any CPU
		{51292C54-1D30-40CD-B5D6-DF8CEDA55AD2}.Ad-Hoc|ARM.ActiveCfg = Release|Any CPU
		{51292C54-1D30-40CD-B5D6-DF8CEDA55AD2}.Ad-Hoc|iPhone.ActiveCfg = Release|Any CPU
		{51292C54-1D30-40CD-B5D6-DF8CEDA55AD2}.Ad-Hoc|iPhoneSimulator.ActiveCfg = Release|Any CPU
		{51292C54-1D30-40CD-B5D6-DF8CEDA55AD2}.Ad-Hoc|Mixed Platforms.ActiveCfg = Release|Any CPU
		{51292C54-1D30-40CD-B5D6-DF8CEDA55AD2}.Ad-Hoc|Mixed Platforms.Build.0 = Release|Any CPU
		{51292C54-1D30-40CD-B5D6-DF8CEDA55AD2}.Ad-Hoc|x86.ActiveCfg = Release|Any CPU
		{51292C54-1D30-40CD-B5D6-DF8CEDA55AD2}.AppStore|Any CPU.ActiveCfg = Release|Any CPU
		{51292C54-1D30-40CD-B5D6-DF8CEDA55AD2}.AppStore|Any CPU.Build.0 = Release|Any CPU
		{51292C54-1D30-40CD-B5D6-DF8CEDA55AD2}.AppStore|ARM.ActiveCfg = Release|Any CPU
		{51292C54-1D30-40CD-B5D6-DF8CEDA55AD2}.AppStore|iPhone.ActiveCfg = Release|Any CPU
		{51292C54-1D30-40CD-B5D6-DF8CEDA55AD2}.AppStore|iPhoneSimulator.ActiveCfg = Release|Any CPU
		{51292C54-1D30-40CD-B5D6-DF8CEDA55AD2}.AppStore|Mixed Platforms.ActiveCfg = Release|Any CPU
		{51292C54-1D30-40CD-B5D6-DF8CEDA55AD2}.AppStore|Mixed Platforms.Build.0 = Release|Any CPU
		{51292C54-1D30-40CD-B5D6-DF8CEDA55AD2}.AppStore|x86.ActiveCfg = Release|Any CPU
		{51292C54-1D30-40CD-B5D6-DF8CEDA55AD2}.Debug|Any CPU.ActiveCfg = Debug|Any CPU
		{51292C54-1D30-40CD-B5D6-DF8CEDA55AD2}.Debug|Any CPU.Build.0 = Debug|Any CPU
		{51292C54-1D30-40CD-B5D6-DF8CEDA55AD2}.Debug|ARM.ActiveCfg = Debug|Any CPU
		{51292C54-1D30-40CD-B5D6-DF8CEDA55AD2}.Debug|iPhone.ActiveCfg = Debug|Any CPU
		{51292C54-1D30-40CD-B5D6-DF8CEDA55AD2}.Debug|iPhoneSimulator.ActiveCfg = Debug|Any CPU
		{51292C54-1D30-40CD-B5D6-DF8CEDA55AD2}.Debug|Mixed Platforms.ActiveCfg = Debug|Any CPU
		{51292C54-1D30-40CD-B5D6-DF8CEDA55AD2}.Debug|Mixed Platforms.Build.0 = Debug|Any CPU
		{51292C54-1D30-40CD-B5D6-DF8CEDA55AD2}.Debug|x86.ActiveCfg = Debug|Any CPU
		{51292C54-1D30-40CD-B5D6-DF8CEDA55AD2}.Release|Any CPU.ActiveCfg = Release|Any CPU
		{51292C54-1D30-40CD-B5D6-DF8CEDA55AD2}.Release|Any CPU.Build.0 = Release|Any CPU
		{51292C54-1D30-40CD-B5D6-DF8CEDA55AD2}.Release|ARM.ActiveCfg = Release|Any CPU
		{51292C54-1D30-40CD-B5D6-DF8CEDA55AD2}.Release|iPhone.ActiveCfg = Release|Any CPU
		{51292C54-1D30-40CD-B5D6-DF8CEDA55AD2}.Release|iPhoneSimulator.ActiveCfg = Release|Any CPU
		{51292C54-1D30-40CD-B5D6-DF8CEDA55AD2}.Release|Mixed Platforms.ActiveCfg = Release|Any CPU
		{51292C54-1D30-40CD-B5D6-DF8CEDA55AD2}.Release|Mixed Platforms.Build.0 = Release|Any CPU
		{51292C54-1D30-40CD-B5D6-DF8CEDA55AD2}.Release|x86.ActiveCfg = Release|Any CPU
	EndGlobalSection
	GlobalSection(SolutionProperties) = preSolution
		HideSolutionNode = FALSE
	EndGlobalSection
EndGlobal
